
Microsoft Visual Studio Solution File, Format Version 12.00
# Visual Studio Version 16
VisualStudioVersion = 16.0.30204.135
MinimumVisualStudioVersion = 10.0.40219.1
Project("{FAE04EC0-301F-11D3-BF4B-00C04F79EFBC}") = "Cron.AspNetCore.BackgroundProcess", "Cron.AspNetCore.BackgroundProcess.csproj", "{469BF25B-BB5B-4459-9AE3-A1490326EBBE}"
EndProject
Global
	GlobalSection(SolutionConfigurationPlatforms) = preSolution
		Debug|Any CPU = Debug|Any CPU
		Release|Any CPU = Release|Any CPU
	EndGlobalSection
	GlobalSection(ProjectConfigurationPlatforms) = postSolution
		{469BF25B-BB5B-4459-9AE3-A1490326EBBE}.Debug|Any CPU.ActiveCfg = Debug|Any CPU
		{469BF25B-BB5B-4459-9AE3-A1490326EBBE}.Debug|Any CPU.Build.0 = Debug|Any CPU
		{469BF25B-BB5B-4459-9AE3-A1490326EBBE}.Release|Any CPU.ActiveCfg = Release|Any CPU
		{469BF25B-BB5B-4459-9AE3-A1490326EBBE}.Release|Any CPU.Build.0 = Release|Any CPU
	EndGlobalSection
	GlobalSection(SolutionProperties) = preSolution
		HideSolutionNode = FALSE
	EndGlobalSection
	GlobalSection(ExtensibilityGlobals) = postSolution
		SolutionGuid = {D9ACD575-DE8D-4E67-BD16-538ABB8F6815}
	EndGlobalSection
EndGlobal
